
Microsoft Visual Studio Solution File, Format Version 12.00
# Visual Studio Version 17
VisualStudioVersion = 17.5.33424.131
MinimumVisualStudioVersion = 10.0.40219.1
Project("{9A19103F-16F7-4668-BE54-9A1E7A4F7556}") = "Futro", "Futro.csproj", "{ED818A5C-C65E-4C90-ACAD-AAF564B9AC70}"
EndProject
Global
	GlobalSection(SolutionConfigurationPlatforms) = preSolution
		Debug|Any CPU = Debug|Any CPU
		Release|Any CPU = Release|Any CPU
	EndGlobalSection
	GlobalSection(ProjectConfigurationPlatforms) = postSolution
		{ED818A5C-C65E-4C90-ACAD-AAF564B9AC70}.Debug|Any CPU.ActiveCfg = Debug|Any CPU
		{ED818A5C-C65E-4C90-ACAD-AAF564B9AC70}.Debug|Any CPU.Build.0 = Debug|Any CPU
		{ED818A5C-C65E-4C90-ACAD-AAF564B9AC70}.Release|Any CPU.ActiveCfg = Release|Any CPU
		{ED818A5C-C65E-4C90-ACAD-AAF564B9AC70}.Release|Any CPU.Build.0 = Release|Any CPU
	EndGlobalSection
	GlobalSection(SolutionProperties) = preSolution
		HideSolutionNode = FALSE
	EndGlobalSection
	GlobalSection(ExtensibilityGlobals) = postSolution
		SolutionGuid = {F029E6B0-2586-4651-A57E-26CC6625440F}
	EndGlobalSection
EndGlobal
